# generated by rye
# use `rye lock` or `rye sync` to update this lockfile
#
# last locked with the following flags:
#   pre: false
#   features: []
#   all-features: false
#   with-sources: false
#   generate-hashes: false

-e file:.
certifi==2024.6.2
    # via requests
charset-normalizer==3.3.2
    # via requests
coverage==7.5.3
    # via pytest-cov
freezegun==1.5.1
idna==3.7
    # via requests
iniconfig==2.0.0
    # via pytest
jinja2==3.1.4
    # via launches
loguru==0.7.2
    # via launches
markupsafe==2.1.5
    # via jinja2
mypy==1.10.0
mypy-extensions==1.0.0
    # via mypy
packaging==24.1
    # via pytest
pluggy==1.5.0
    # via pytest
pytest==8.2.2
    # via pytest-cov
pytest-cov==5.0.0
python-dateutil==2.9.0.post0
    # via freezegun
pytz==2024.1
    # via launches
requests==2.32.3
    # via launches
ruff==0.4.9
schedule==1.2.2
    # via launches
six==1.16.0
    # via python-dateutil
types-pytz==2024.1.0.20240417
types-requests==2.32.0.20240602
typing-extensions==4.12.2
    # via mypy
urllib3==2.2.1
    # via requests
    # via types-requests
