# generated by rye
# use `rye lock` or `rye sync` to update this lockfile
#
# last locked with the following flags:
#   pre: false
#   features: []
#   all-features: false
#   with-sources: false
#   generate-hashes: false

-e file:.
certifi==2024.6.2
    # via requests
charset-normalizer==3.3.2
    # via requests
idna==3.7
    # via requests
jinja2==3.1.4
    # via launches
loguru==0.7.2
    # via launches
markupsafe==2.1.5
    # via jinja2
pytz==2024.1
    # via launches
requests==2.32.3
    # via launches
schedule==1.2.2
    # via launches
urllib3==2.2.1
    # via requests
